
Microsoft Visual Studio Solution File, Format Version 12.00
# Visual Studio Version 17
VisualStudioVersion = 17.7.34003.232
MinimumVisualStudioVersion = 10.0.40219.1
Project("{8BC9CEB8-8B4A-11D0-8D11-00A0C91BC942}") = "Project_STG", "Project_STG.vcxproj", "{1397FEBB-9C9D-4F35-93FC-B45B2EBD94BC}"
EndProject
Global
	GlobalSection(SolutionConfigurationPlatforms) = preSolution
		Debug|x64 = Debug|x64
		Release|x64 = Release|x64
	EndGlobalSection
	GlobalSection(ProjectConfigurationPlatforms) = postSolution
		{1397FEBB-9C9D-4F35-93FC-B45B2EBD94BC}.Debug|x64.ActiveCfg = Debug|x64
		{1397FEBB-9C9D-4F35-93FC-B45B2EBD94BC}.Debug|x64.Build.0 = Debug|x64
		{1397FEBB-9C9D-4F35-93FC-B45B2EBD94BC}.Release|x64.ActiveCfg = Release|x64
		{1397FEBB-9C9D-4F35-93FC-B45B2EBD94BC}.Release|x64.Build.0 = Release|x64
	EndGlobalSection
	GlobalSection(SolutionProperties) = preSolution
		HideSolutionNode = FALSE
	EndGlobalSection
	GlobalSection(ExtensibilityGlobals) = postSolution
		SolutionGuid = {49DBD409-E7CC-4BE6-B8FB-4ABC64FB1D16}
	EndGlobalSection
EndGlobal
